<?xml version="1.0" encoding="utf-8"?>
<Project ToolsVersion="4.0" xmlns="http://schemas.microsoft.com/developer/msbuild/2003">
  <ItemGroup>
    <Filter Include="Header Files">
      <UniqueIdentifier>{ceddb2d3-4d2d-437f-b7d4-cbd79981e96a}</UniqueIdentifier>
    </Filter>
  </ItemGroup>
  <ItemGroup>
    <ClInclude Include="SpikeTypes.hpp">
      <Filter>Header Files</Filter>
    </ClInclude>
    <ClInclude Include="DumperSpikes.hpp">
      <Filter>Header Files</Filter>
    </ClInclude>
    <ClInclude Include="SpikeSet1Sec.hpp">
      <Filter>Header Files</Filter>
    </ClInclude>
    <ClInclude Include="DumperState.hpp">
      <Filter>Header Files</Filter>
    </ClInclude>
    <ClInclude Include="DumperTopology.hpp">
      <Filter>Header Files</Filter>
    </ClInclude>
    <ClInclude Include="NeuronIdRange.hpp">
      <Filter>Header Files</Filter>
    </ClInclude>
    <ClInclude Include="SpikeNetworkPerformance.hpp">
      <Filter>Header Files</Filter>
    </ClInclude>
    <ClInclude Include="SpikeRuntimeOptions.hpp">
      <Filter>Header Files</Filter>
    </ClInclude>
    <ClInclude Include="Kernel.hpp">
      <Filter>Header Files</Filter>
    </ClInclude>
    <ClInclude Include="Constants.hpp">
      <Filter>Header Files</Filter>
    </ClInclude>
    <ClInclude Include="bit.ipp" />
  </ItemGroup>
  <ItemGroup>
    <None Include="assert.ipp" />
    <None Include="log.ipp" />
    <None Include="profiler.ipp" />
    <None Include="timing.ipp" />
    <None Include="random.ipp" />
    <None Include="file.ipp" />
    <None Include="stats.ipp" />
  </ItemGroup>
</Project>