<?xml version="1.0" encoding="utf-8"?>
<Project ToolsVersion="4.0" xmlns="http://schemas.microsoft.com/developer/msbuild/2003">
  <ItemGroup>
    <Filter Include="Header Files">
      <UniqueIdentifier>{ceddb2d3-4d2d-437f-b7d4-cbd79981e96a}</UniqueIdentifier>
      <Extensions>h;hpp;hxx;hm;inl;inc;xsd</Extensions>
    </Filter>
  </ItemGroup>
  <ItemGroup>
    <ClInclude Include="SpikeDataSet.hpp">
      <Filter>Header Files</Filter>
    </ClInclude>
    <ClInclude Include="SpikeLine.hpp">
      <Filter>Header Files</Filter>
    </ClInclude>
    <ClInclude Include="SpikeStream.hpp">
      <Filter>Header Files</Filter>
    </ClInclude>
    <ClInclude Include="Translations.hpp">
      <Filter>Header Files</Filter>
    </ClInclude>
    <ClInclude Include="DataSetMnist.hpp">
      <Filter>Header Files</Filter>
    </ClInclude>
    <ClInclude Include="SpikeDataSetMnist.hpp">
      <Filter>Header Files</Filter>
    </ClInclude>
    <ClInclude Include="TranslationsFactory.hpp">
      <Filter>Header Files</Filter>
    </ClInclude>
    <ClInclude Include="SpikeStreamFactory.hpp">
      <Filter>Header Files</Filter>
    </ClInclude>
    <ClInclude Include="SpikeCaseFast.hpp">
      <Filter>Header Files</Filter>
    </ClInclude>
    <ClInclude Include="SpikeSetLarge.hpp">
      <Filter>Header Files</Filter>
    </ClInclude>
    <ClInclude Include="DataSetBackendTxt.hpp">
      <Filter>Header Files</Filter>
    </ClInclude>
    <ClInclude Include="DataSet.hpp">
      <Filter>Header Files</Filter>
    </ClInclude>
    <ClInclude Include="DataSetFactory.hpp">
      <Filter>Header Files</Filter>
    </ClInclude>
    <ClInclude Include="DataSetState.hpp">
      <Filter>Header Files</Filter>
    </ClInclude>
    <ClInclude Include="DataSetTypes.hpp">
      <Filter>Header Files</Filter>
    </ClInclude>
    <ClInclude Include="DataState.hpp">
      <Filter>Header Files</Filter>
    </ClInclude>
    <ClInclude Include="Options.hpp">
      <Filter>Header Files</Filter>
    </ClInclude>
    <ClInclude Include="OptionsState.hpp">
      <Filter>Header Files</Filter>
    </ClInclude>
    <ClInclude Include="Variable.hpp">
      <Filter>Header Files</Filter>
    </ClInclude>
    <ClInclude Include="VariableState.hpp">
      <Filter>Header Files</Filter>
    </ClInclude>
  </ItemGroup>
</Project>